
Microsoft Visual Studio Solution File, Format Version 12.00
Project("{FAE04EC0-301F-11D3-BF4B-00C04F79EFBC}") = "Lambdy", "Lambdy\Lambdy.csproj", "{D84449ED-6DAE-41C3-9231-1F8A03FB2CDE}"
EndProject
Project("{FAE04EC0-301F-11D3-BF4B-00C04F79EFBC}") = "Lambdy.Tests", "Lambdy.Tests\Lambdy.Tests.csproj", "{3D19E8AD-7609-472D-BEEB-C30B97A59612}"
EndProject
Global
	GlobalSection(SolutionConfigurationPlatforms) = preSolution
		Debug|Any CPU = Debug|Any CPU
		Release|Any CPU = Release|Any CPU
	EndGlobalSection
	GlobalSection(ProjectConfigurationPlatforms) = postSolution
		{D84449ED-6DAE-41C3-9231-1F8A03FB2CDE}.Debug|Any CPU.ActiveCfg = Debug|Any CPU
		{D84449ED-6DAE-41C3-9231-1F8A03FB2CDE}.Debug|Any CPU.Build.0 = Debug|Any CPU
		{D84449ED-6DAE-41C3-9231-1F8A03FB2CDE}.Release|Any CPU.ActiveCfg = Release|Any CPU
		{D84449ED-6DAE-41C3-9231-1F8A03FB2CDE}.Release|Any CPU.Build.0 = Release|Any CPU
		{3D19E8AD-7609-472D-BEEB-C30B97A59612}.Debug|Any CPU.ActiveCfg = Debug|Any CPU
		{3D19E8AD-7609-472D-BEEB-C30B97A59612}.Debug|Any CPU.Build.0 = Debug|Any CPU
		{3D19E8AD-7609-472D-BEEB-C30B97A59612}.Release|Any CPU.ActiveCfg = Release|Any CPU
		{3D19E8AD-7609-472D-BEEB-C30B97A59612}.Release|Any CPU.Build.0 = Release|Any CPU
	EndGlobalSection
EndGlobal
